// !$*UTF8*$!
{
	archiveVersion = 1;
	classes = {
	};
	objectVersion = 50;
	objects = {

/* Begin PBXBuildFile section */
		7F74733551F75510DB6F1C6FD2D60C39 /* ExampleViewController.swift in Sources */ = {isa = PBXBuildFile; fileRef = 181A33EBD69812FFE6221E96E6F3F811 /* ExampleViewController.swift */; };
		BCE50DE8BF4CDEF038A37262906FB997 /* LaunchScreen.storyboard in Resources */ = {isa = PBXBuildFile; fileRef = 265C2604315072B65E8A2B1A22BA7ED8 /* LaunchScreen.storyboard */; };
		CDCF14A63ADE55B239F70BE94884ED4E /* AutoLayoutAnchorsExampleApp.swift in Sources */ = {isa = PBXBuildFile; fileRef = BA5217E47AC7D06CDCF40757618692B0 /* AutoLayoutAnchorsExampleApp.swift */; };
		DE14FD11362E35BA3252CD4ADEECD33A /* Assets.xcassets in Resources */ = {isa = PBXBuildFile; fileRef = 2C93162C516FE6D7D4CA6A61D2AFBC6D /* Assets.xcassets */; };
/* End PBXBuildFile section */

/* Begin PBXFileReference section */
		181A33EBD69812FFE6221E96E6F3F811 /* ExampleViewController.swift */ = {isa = PBXFileReference; lastKnownFileType = sourcecode.swift; path = ExampleViewController.swift; sourceTree = "<group>"; };
		2C93162C516FE6D7D4CA6A61D2AFBC6D /* Assets.xcassets */ = {isa = PBXFileReference; lastKnownFileType = folder.assetcatalog; path = Assets.xcassets; sourceTree = "<group>"; };
		9C61D8AF8008865DBB0C7448CF6FB730 /* Base */ = {isa = PBXFileReference; lastKnownFileType = file.storyboard; name = Base; path = Base.lproj/LaunchScreen.storyboard; sourceTree = "<group>"; };
		9FBC826B1F024EB121147E6CF48B1427 /* AutoLayoutAnchorsExample.app */ = {isa = PBXFileReference; includeInIndex = 0; lastKnownFileType = wrapper.application; path = AutoLayoutAnchorsExample.app; sourceTree = BUILT_PRODUCTS_DIR; };
		BA5217E47AC7D06CDCF40757618692B0 /* AutoLayoutAnchorsExampleApp.swift */ = {isa = PBXFileReference; lastKnownFileType = sourcecode.swift; path = AutoLayoutAnchorsExampleApp.swift; sourceTree = "<group>"; };
		E06E4C876A6CE8F2C96F28B33DC720AA /* Info.plist */ = {isa = PBXFileReference; lastKnownFileType = text.plist.xml; path = Info.plist; sourceTree = "<group>"; };
/* End PBXFileReference section */

/* Begin PBXGroup section */
		35974FB8FB6D15558D81CFFF9C95FC8E /* Controller */ = {
			isa = PBXGroup;
			children = (
				181A33EBD69812FFE6221E96E6F3F811 /* ExampleViewController.swift */,
			);
			path = Controller;
			sourceTree = "<group>";
		};
		46A6561AED77B1AE947BB068B71B269F /* AutoLayoutAnchorsExample */ = {
			isa = PBXGroup;
			children = (
				8417579AE6D009B8721CB3E82D6B8871 /* App */,
				CCA2B3DD812669FD38F56C6A4AD80EEC /* Assets */,
				35974FB8FB6D15558D81CFFF9C95FC8E /* Controller */,
			);
			path = AutoLayoutAnchorsExample;
			sourceTree = "<group>";
		};
		8417579AE6D009B8721CB3E82D6B8871 /* App */ = {
			isa = PBXGroup;
			children = (
				BA5217E47AC7D06CDCF40757618692B0 /* AutoLayoutAnchorsExampleApp.swift */,
				E06E4C876A6CE8F2C96F28B33DC720AA /* Info.plist */,
			);
			path = App;
			sourceTree = "<group>";
		};
		948BD63E9C790E4EC0D402E45F808E02 = {
			isa = PBXGroup;
			children = (
				46A6561AED77B1AE947BB068B71B269F /* AutoLayoutAnchorsExample */,
				EA4F68177DF925E3399DAC0F60CD018E /* Products */,
			);
			sourceTree = "<group>";
		};
		CCA2B3DD812669FD38F56C6A4AD80EEC /* Assets */ = {
			isa = PBXGroup;
			children = (
				2C93162C516FE6D7D4CA6A61D2AFBC6D /* Assets.xcassets */,
				265C2604315072B65E8A2B1A22BA7ED8 /* LaunchScreen.storyboard */,
			);
			path = Assets;
			sourceTree = "<group>";
		};
		EA4F68177DF925E3399DAC0F60CD018E /* Products */ = {
			isa = PBXGroup;
			children = (
				9FBC826B1F024EB121147E6CF48B1427 /* AutoLayoutAnchorsExample.app */,
			);
			name = Products;
			sourceTree = "<group>";
		};
/* End PBXGroup section */

/* Begin PBXNativeTarget section */
		35C9D7875961A0AE626D9366A8D9374E /* AutoLayoutAnchorsExample */ = {
			isa = PBXNativeTarget;
			buildConfigurationList = E865C3F6F5E07568394D595FAADDB64A /* Build configuration list for PBXNativeTarget "AutoLayoutAnchorsExample" */;
			buildPhases = (
				9906DA750B5F810E4982EF7BA8093DA9 /* Sources */,
				53941EC71691E2D28ED2DEF574B631D4 /* Resources */,
			);
			buildRules = (
			);
			dependencies = (
			);
			name = AutoLayoutAnchorsExample;
			productName = AutoLayoutAnchorsExample;
			productReference = 9FBC826B1F024EB121147E6CF48B1427 /* AutoLayoutAnchorsExample.app */;
			productType = "com.apple.product-type.application";
		};
/* End PBXNativeTarget section */

/* Begin PBXProject section */
		C7166A3416ABC996009E332876F5BBA4 /* Project object */ = {
			isa = PBXProject;
			attributes = {
				LastUpgradeCheck = 1000;
			};
			buildConfigurationList = 24A0292FDF8411150214FF68543BACB1 /* Build configuration list for PBXProject "AutoLayoutAnchorsExample" */;
			compatibilityVersion = "Xcode 9.3";
			developmentRegion = en;
			hasScannedForEncodings = 0;
			knownRegions = (
				Base,
			);
			mainGroup = 948BD63E9C790E4EC0D402E45F808E02;
			projectDirPath = "";
			projectRoot = "";
			targets = (
				35C9D7875961A0AE626D9366A8D9374E /* AutoLayoutAnchorsExample */,
			);
		};
/* End PBXProject section */

/* Begin PBXResourcesBuildPhase section */
		53941EC71691E2D28ED2DEF574B631D4 /* Resources */ = {
			isa = PBXResourcesBuildPhase;
			buildActionMask = 2147483647;
			files = (
				DE14FD11362E35BA3252CD4ADEECD33A /* Assets.xcassets in Resources */,
				BCE50DE8BF4CDEF038A37262906FB997 /* LaunchScreen.storyboard in Resources */,
			);
			runOnlyForDeploymentPostprocessing = 0;
		};
/* End PBXResourcesBuildPhase section */

/* Begin PBXSourcesBuildPhase section */
		9906DA750B5F810E4982EF7BA8093DA9 /* Sources */ = {
			isa = PBXSourcesBuildPhase;
			buildActionMask = 2147483647;
			files = (
				CDCF14A63ADE55B239F70BE94884ED4E /* AutoLayoutAnchorsExampleApp.swift in Sources */,
				7F74733551F75510DB6F1C6FD2D60C39 /* ExampleViewController.swift in Sources */,
			);
			runOnlyForDeploymentPostprocessing = 0;
		};
/* End PBXSourcesBuildPhase section */

/* Begin PBXVariantGroup section */
		265C2604315072B65E8A2B1A22BA7ED8 /* LaunchScreen.storyboard */ = {
			isa = PBXVariantGroup;
			children = (
				9C61D8AF8008865DBB0C7448CF6FB730 /* Base */,
			);
			name = LaunchScreen.storyboard;
			sourceTree = "<group>";
		};
/* End PBXVariantGroup section */

/* Begin XCBuildConfiguration section */
		0332D82CFE2E79F63E65B8B2EB636DCC /* Release */ = {
			isa = XCBuildConfiguration;
			buildSettings = {
				ALWAYS_EMBED_SWIFT_STANDARD_LIBRARIES = YES;
				ASSETCATALOG_COMPILER_APPICON_NAME = AppIcon;
				CODE_SIGN_IDENTITY = "iPhone Developer";
				INFOPLIST_FILE = AutoLayoutAnchorsExample/App/Info.plist;
				LD_RUNPATH_SEARCH_PATHS = "$(inherited) @executable_path/Frameworks";
				PRODUCT_BUNDLE_IDENTIFIER = com.example.AutoLayoutAnchorsExample;
				SDKROOT = iphoneos;
				SWIFT_VERSION = 4.2;
				TARGETED_DEVICE_FAMILY = "1,2";
			};
			name = Release;
		};
		B946C7047EBEAB261A62BC42C0F54203 /* Debug */ = {
			isa = XCBuildConfiguration;
			buildSettings = {
				ALWAYS_EMBED_SWIFT_STANDARD_LIBRARIES = YES;
				ASSETCATALOG_COMPILER_APPICON_NAME = AppIcon;
				CODE_SIGN_IDENTITY = "iPhone Developer";
				INFOPLIST_FILE = AutoLayoutAnchorsExample/App/Info.plist;
				LD_RUNPATH_SEARCH_PATHS = "$(inherited) @executable_path/Frameworks";
				PRODUCT_BUNDLE_IDENTIFIER = com.example.AutoLayoutAnchorsExample;
				SDKROOT = iphoneos;
				SWIFT_VERSION = 4.2;
				TARGETED_DEVICE_FAMILY = "1,2";
			};
			name = Debug;
		};
		D83F227561D4A3581004F935511DBC74 /* Release */ = {
			isa = XCBuildConfiguration;
			buildSettings = {
				ALWAYS_SEARCH_USER_PATHS = NO;
				CLANG_ANALYZER_NONNULL = YES;
				CLANG_ANALYZER_NUMBER_OBJECT_CONVERSION = YES_AGGRESSIVE;
				CLANG_CXX_LANGUAGE_STANDARD = "gnu++14";
				CLANG_CXX_LIBRARY = "libc++";
				CLANG_ENABLE_MODULES = YES;
				CLANG_ENABLE_OBJC_ARC = YES;
				CLANG_WARN_BLOCK_CAPTURE_AUTORELEASING = YES;
				CLANG_WARN_BOOL_CONVERSION = YES;
				CLANG_WARN_COMMA = YES;
				CLANG_WARN_CONSTANT_CONVERSION = YES;
				CLANG_WARN_DEPRECATED_OBJC_IMPLEMENTATIONS = YES;
				CLANG_WARN_DIRECT_OBJC_ISA_USAGE = YES_ERROR;
				CLANG_WARN_DOCUMENTATION_COMMENTS = YES;
				CLANG_WARN_EMPTY_BODY = YES;
				CLANG_WARN_ENUM_CONVERSION = YES;
				CLANG_WARN_INFINITE_RECURSION = YES;
				CLANG_WARN_INT_CONVERSION = YES;
				CLANG_WARN_NON_LITERAL_NULL_CONVERSION = YES;
				CLANG_WARN_OBJC_IMPLICIT_RETAIN_SELF = YES;
				CLANG_WARN_OBJC_LITERAL_CONVERSION = YES;
				CLANG_WARN_OBJC_ROOT_CLASS = YES_ERROR;
				CLANG_WARN_RANGE_LOOP_ANALYSIS = YES;
				CLANG_WARN_STRICT_PROTOTYPES = YES;
				CLANG_WARN_SUSPICIOUS_MOVE = YES;
				CLANG_WARN_UNGUARDED_AVAILABILITY = YES_AGGRESSIVE;
				CLANG_WARN_UNREACHABLE_CODE = YES;
				CLANG_WARN__DUPLICATE_METHOD_MATCH = YES;
				COPY_PHASE_STRIP = NO;
				DEBUG_INFORMATION_FORMAT = "dwarf-with-dsym";
				ENABLE_NS_ASSERTIONS = NO;
				ENABLE_STRICT_OBJC_MSGSEND = YES;
				GCC_C_LANGUAGE_STANDARD = gnu11;
				GCC_NO_COMMON_BLOCKS = YES;
				GCC_WARN_64_TO_32_BIT_CONVERSION = YES;
				GCC_WARN_ABOUT_RETURN_TYPE = YES_ERROR;
				GCC_WARN_UNDECLARED_SELECTOR = YES;
				GCC_WARN_UNINITIALIZED_AUTOS = YES_AGGRESSIVE;
				GCC_WARN_UNUSED_FUNCTION = YES;
				GCC_WARN_UNUSED_VARIABLE = YES;
				IPHONEOS_DEPLOYMENT_TARGET = 11.0;
				PRODUCT_NAME = "$(TARGET_NAME)";
				SDKROOT = iphoneos;
				SWIFT_OPTIMIZATION_LEVEL = "-Owholemodule";
				SWIFT_VERSION = 4.2;
				VALIDATE_PRODUCT = YES;
			};
			name = Release;
		};
		EAC7D793ECEFF1C10A3F2B5755FFA4DA /* Debug */ = {
			isa = XCBuildConfiguration;
			buildSettings = {
				ALWAYS_SEARCH_USER_PATHS = NO;
				CLANG_ANALYZER_NONNULL = YES;
				CLANG_ANALYZER_NUMBER_OBJECT_CONVERSION = YES_AGGRESSIVE;
				CLANG_CXX_LANGUAGE_STANDARD = "gnu++14";
				CLANG_CXX_LIBRARY = "libc++";
				CLANG_ENABLE_MODULES = YES;
				CLANG_ENABLE_OBJC_ARC = YES;
				CLANG_WARN_BLOCK_CAPTURE_AUTORELEASING = YES;
				CLANG_WARN_BOOL_CONVERSION = YES;
				CLANG_WARN_COMMA = YES;
				CLANG_WARN_CONSTANT_CONVERSION = YES;
				CLANG_WARN_DEPRECATED_OBJC_IMPLEMENTATIONS = YES;
				CLANG_WARN_DIRECT_OBJC_ISA_USAGE = YES_ERROR;
				CLANG_WARN_DOCUMENTATION_COMMENTS = YES;
				CLANG_WARN_EMPTY_BODY = YES;
				CLANG_WARN_ENUM_CONVERSION = YES;
				CLANG_WARN_INFINITE_RECURSION = YES;
				CLANG_WARN_INT_CONVERSION = YES;
				CLANG_WARN_NON_LITERAL_NULL_CONVERSION = YES;
				CLANG_WARN_OBJC_IMPLICIT_RETAIN_SELF = YES;
				CLANG_WARN_OBJC_LITERAL_CONVERSION = YES;
				CLANG_WARN_OBJC_ROOT_CLASS = YES_ERROR;
				CLANG_WARN_RANGE_LOOP_ANALYSIS = YES;
				CLANG_WARN_STRICT_PROTOTYPES = YES;
				CLANG_WARN_SUSPICIOUS_MOVE = YES;
				CLANG_WARN_UNGUARDED_AVAILABILITY = YES_AGGRESSIVE;
				CLANG_WARN_UNREACHABLE_CODE = YES;
				CLANG_WARN__DUPLICATE_METHOD_MATCH = YES;
				COPY_PHASE_STRIP = NO;
				DEBUG_INFORMATION_FORMAT = dwarf;
				ENABLE_STRICT_OBJC_MSGSEND = YES;
				ENABLE_TESTABILITY = YES;
				GCC_C_LANGUAGE_STANDARD = gnu11;
				GCC_DYNAMIC_NO_PIC = NO;
				GCC_NO_COMMON_BLOCKS = YES;
				GCC_OPTIMIZATION_LEVEL = 0;
				GCC_PREPROCESSOR_DEFINITIONS = (
					"$(inherited)",
					"DEBUG=1",
				);
				GCC_WARN_64_TO_32_BIT_CONVERSION = YES;
				GCC_WARN_ABOUT_RETURN_TYPE = YES_ERROR;
				GCC_WARN_UNDECLARED_SELECTOR = YES;
				GCC_WARN_UNINITIALIZED_AUTOS = YES_AGGRESSIVE;
				GCC_WARN_UNUSED_FUNCTION = YES;
				GCC_WARN_UNUSED_VARIABLE = YES;
				IPHONEOS_DEPLOYMENT_TARGET = 11.0;
				MTL_ENABLE_DEBUG_INFO = YES;
				ONLY_ACTIVE_ARCH = YES;
				PRODUCT_NAME = "$(TARGET_NAME)";
				SDKROOT = iphoneos;
				SWIFT_ACTIVE_COMPILATION_CONDITIONS = DEBUG;
				SWIFT_OPTIMIZATION_LEVEL = "-Onone";
				SWIFT_VERSION = 4.2;
			};
			name = Debug;
		};
/* End XCBuildConfiguration section */

/* Begin XCConfigurationList section */
		24A0292FDF8411150214FF68543BACB1 /* Build configuration list for PBXProject "AutoLayoutAnchorsExample" */ = {
			isa = XCConfigurationList;
			buildConfigurations = (
				EAC7D793ECEFF1C10A3F2B5755FFA4DA /* Debug */,
				D83F227561D4A3581004F935511DBC74 /* Release */,
			);
			defaultConfigurationIsVisible = 0;
			defaultConfigurationName = Debug;
		};
		E865C3F6F5E07568394D595FAADDB64A /* Build configuration list for PBXNativeTarget "AutoLayoutAnchorsExample" */ = {
			isa = XCConfigurationList;
			buildConfigurations = (
				B946C7047EBEAB261A62BC42C0F54203 /* Debug */,
				0332D82CFE2E79F63E65B8B2EB636DCC /* Release */,
			);
			defaultConfigurationIsVisible = 0;
			defaultConfigurationName = "";
		};
/* End XCConfigurationList section */
	};
	rootObject = C7166A3416ABC996009E332876F5BBA4 /* Project object */;
}
